
Microsoft Visual Studio Solution File, Format Version 12.00
# Visual Studio Version 17
VisualStudioVersion = 17.13.35818.85
MinimumVisualStudioVersion = 10.0.40219.1
Project("{FAE04EC0-301F-11D3-BF4B-00C04F79EFBC}") = "TechnischeOpdrachtAutumn", "TechnischeOpdrachtAutumn\TechnischeOpdrachtAutumn.csproj", "{D29DF615-351E-4B99-95E1-1E7462346E6B}"
EndProject
Global
	GlobalSection(SolutionConfigurationPlatforms) = preSolution
		Debug|Any CPU = Debug|Any CPU
		Release|Any CPU = Release|Any CPU
	EndGlobalSection
	GlobalSection(ProjectConfigurationPlatforms) = postSolution
		{D29DF615-351E-4B99-95E1-1E7462346E6B}.Debug|Any CPU.ActiveCfg = Debug|Any CPU
		{D29DF615-351E-4B99-95E1-1E7462346E6B}.Debug|Any CPU.Build.0 = Debug|Any CPU
		{D29DF615-351E-4B99-95E1-1E7462346E6B}.Release|Any CPU.ActiveCfg = Release|Any CPU
		{D29DF615-351E-4B99-95E1-1E7462346E6B}.Release|Any CPU.Build.0 = Release|Any CPU
	EndGlobalSection
	GlobalSection(SolutionProperties) = preSolution
		HideSolutionNode = FALSE
	EndGlobalSection
	GlobalSection(ExtensibilityGlobals) = postSolution
		SolutionGuid = {ABACE86C-878C-4DAD-825B-617EE55D6664}
	EndGlobalSection
EndGlobal
